
Microsoft Visual Studio Solution File, Format Version 12.00
# Visual Studio 14
VisualStudioVersion = 14.0.25420.1
MinimumVisualStudioVersion = 10.0.40219.1
Project("{FAE04EC0-301F-11D3-BF4B-00C04F79EFBC}") = "Business", "Business\Business.csproj", "{581AC6D4-65EC-4CC9-88EB-140CE3F04117}"
EndProject
Project("{FAE04EC0-301F-11D3-BF4B-00C04F79EFBC}") = "Model", "Model\Model.csproj", "{25CC9E72-8A44-4E29-BD01-2807AFDB5786}"
EndProject
Project("{FAE04EC0-301F-11D3-BF4B-00C04F79EFBC}") = "CommonHelper", "CommonHelper\CommonHelper.csproj", "{A9A63D35-DECB-4DC3-B813-1D449183B938}"
EndProject
Project("{FAE04EC0-301F-11D3-BF4B-00C04F79EFBC}") = "Web", "Web\Web.csproj", "{E1DF8B1D-81D1-4D9A-A816-981D25B5E0D4}"
EndProject
Project("{FAE04EC0-301F-11D3-BF4B-00C04F79EFBC}") = "Web.Tests", "Web.Tests\Web.Tests.csproj", "{7695A085-B83C-4AD5-AB44-B83EDB0D978D}"
EndProject
Global
	GlobalSection(SolutionConfigurationPlatforms) = preSolution
		Debug|Any CPU = Debug|Any CPU
		Release|Any CPU = Release|Any CPU
	EndGlobalSection
	GlobalSection(ProjectConfigurationPlatforms) = postSolution
		{581AC6D4-65EC-4CC9-88EB-140CE3F04117}.Debug|Any CPU.ActiveCfg = Debug|Any CPU
		{581AC6D4-65EC-4CC9-88EB-140CE3F04117}.Debug|Any CPU.Build.0 = Debug|Any CPU
		{581AC6D4-65EC-4CC9-88EB-140CE3F04117}.Release|Any CPU.ActiveCfg = Release|Any CPU
		{581AC6D4-65EC-4CC9-88EB-140CE3F04117}.Release|Any CPU.Build.0 = Release|Any CPU
		{25CC9E72-8A44-4E29-BD01-2807AFDB5786}.Debug|Any CPU.ActiveCfg = Debug|Any CPU
		{25CC9E72-8A44-4E29-BD01-2807AFDB5786}.Debug|Any CPU.Build.0 = Debug|Any CPU
		{25CC9E72-8A44-4E29-BD01-2807AFDB5786}.Release|Any CPU.ActiveCfg = Release|Any CPU
		{25CC9E72-8A44-4E29-BD01-2807AFDB5786}.Release|Any CPU.Build.0 = Release|Any CPU
		{A9A63D35-DECB-4DC3-B813-1D449183B938}.Debug|Any CPU.ActiveCfg = Debug|Any CPU
		{A9A63D35-DECB-4DC3-B813-1D449183B938}.Debug|Any CPU.Build.0 = Debug|Any CPU
		{A9A63D35-DECB-4DC3-B813-1D449183B938}.Release|Any CPU.ActiveCfg = Release|Any CPU
		{A9A63D35-DECB-4DC3-B813-1D449183B938}.Release|Any CPU.Build.0 = Release|Any CPU
		{E1DF8B1D-81D1-4D9A-A816-981D25B5E0D4}.Debug|Any CPU.ActiveCfg = Debug|Any CPU
		{E1DF8B1D-81D1-4D9A-A816-981D25B5E0D4}.Debug|Any CPU.Build.0 = Debug|Any CPU
		{E1DF8B1D-81D1-4D9A-A816-981D25B5E0D4}.Release|Any CPU.ActiveCfg = Release|Any CPU
		{E1DF8B1D-81D1-4D9A-A816-981D25B5E0D4}.Release|Any CPU.Build.0 = Release|Any CPU
		{7695A085-B83C-4AD5-AB44-B83EDB0D978D}.Debug|Any CPU.ActiveCfg = Debug|Any CPU
		{7695A085-B83C-4AD5-AB44-B83EDB0D978D}.Debug|Any CPU.Build.0 = Debug|Any CPU
		{7695A085-B83C-4AD5-AB44-B83EDB0D978D}.Release|Any CPU.ActiveCfg = Release|Any CPU
		{7695A085-B83C-4AD5-AB44-B83EDB0D978D}.Release|Any CPU.Build.0 = Release|Any CPU
	EndGlobalSection
	GlobalSection(SolutionProperties) = preSolution
		HideSolutionNode = FALSE
	EndGlobalSection
EndGlobal
